
Microsoft Visual Studio Solution File, Format Version 12.00
# Visual Studio Version 17
VisualStudioVersion = 17.4.33205.214
MinimumVisualStudioVersion = 10.0.40219.1
Project("{FAE04EC0-301F-11D3-BF4B-00C04F79EFBC}") = "ScriptureMemorizer", "ScriptureMemorizer.csproj", "{64D66D9E-F640-4ED7-8E95-1F7E5D02CCA8}"
EndProject
Global
	GlobalSection(SolutionConfigurationPlatforms) = preSolution
		Debug|Any CPU = Debug|Any CPU
		Release|Any CPU = Release|Any CPU
	EndGlobalSection
	GlobalSection(ProjectConfigurationPlatforms) = postSolution
		{64D66D9E-F640-4ED7-8E95-1F7E5D02CCA8}.Debug|Any CPU.ActiveCfg = Debug|Any CPU
		{64D66D9E-F640-4ED7-8E95-1F7E5D02CCA8}.Debug|Any CPU.Build.0 = Debug|Any CPU
		{64D66D9E-F640-4ED7-8E95-1F7E5D02CCA8}.Release|Any CPU.ActiveCfg = Release|Any CPU
		{64D66D9E-F640-4ED7-8E95-1F7E5D02CCA8}.Release|Any CPU.Build.0 = Release|Any CPU
	EndGlobalSection
	GlobalSection(SolutionProperties) = preSolution
		HideSolutionNode = FALSE
	EndGlobalSection
	GlobalSection(ExtensibilityGlobals) = postSolution
		SolutionGuid = {6CC8BD2D-ECF2-4860-ACF6-085FEC5715A4}
	EndGlobalSection
EndGlobal
